
Microsoft Visual Studio Solution File, Format Version 12.00
# Visual Studio Version 17
VisualStudioVersion = 17.14.36221.1 d17.14
MinimumVisualStudioVersion = 10.0.40219.1
Project("{FAE04EC0-301F-11D3-BF4B-00C04F79EFBC}") = "Assignment 2.2.2", "Assignment 2.2.2.csproj", "{AF65C997-3200-45B6-8A47-540AE0D02C1F}"
EndProject
Global
	GlobalSection(SolutionConfigurationPlatforms) = preSolution
		Debug|Any CPU = Debug|Any CPU
		Release|Any CPU = Release|Any CPU
	EndGlobalSection
	GlobalSection(ProjectConfigurationPlatforms) = postSolution
		{AF65C997-3200-45B6-8A47-540AE0D02C1F}.Debug|Any CPU.ActiveCfg = Debug|Any CPU
		{AF65C997-3200-45B6-8A47-540AE0D02C1F}.Debug|Any CPU.Build.0 = Debug|Any CPU
		{AF65C997-3200-45B6-8A47-540AE0D02C1F}.Release|Any CPU.ActiveCfg = Release|Any CPU
		{AF65C997-3200-45B6-8A47-540AE0D02C1F}.Release|Any CPU.Build.0 = Release|Any CPU
	EndGlobalSection
	GlobalSection(SolutionProperties) = preSolution
		HideSolutionNode = FALSE
	EndGlobalSection
	GlobalSection(ExtensibilityGlobals) = postSolution
		SolutionGuid = {BDC4FD28-5933-4ABC-9719-EC26A03E997F}
	EndGlobalSection
EndGlobal
